
Microsoft Visual Studio Solution File, Format Version 12.00
# Visual Studio Version 17
VisualStudioVersion = 17.5.002.0
MinimumVisualStudioVersion = 10.0.40219.1
Project("{9A19103F-16F7-4668-BE54-9A1E7A4F7556}") = "DesafioFundamentos", "DesafioFundamentos.csproj", "{66A44251-CDE0-4693-B0EC-B6C8A288BD34}"
EndProject
Global
	GlobalSection(SolutionConfigurationPlatforms) = preSolution
		Debug|Any CPU = Debug|Any CPU
		Release|Any CPU = Release|Any CPU
	EndGlobalSection
	GlobalSection(ProjectConfigurationPlatforms) = postSolution
		{66A44251-CDE0-4693-B0EC-B6C8A288BD34}.Debug|Any CPU.ActiveCfg = Debug|Any CPU
		{66A44251-CDE0-4693-B0EC-B6C8A288BD34}.Debug|Any CPU.Build.0 = Debug|Any CPU
		{66A44251-CDE0-4693-B0EC-B6C8A288BD34}.Release|Any CPU.ActiveCfg = Release|Any CPU
		{66A44251-CDE0-4693-B0EC-B6C8A288BD34}.Release|Any CPU.Build.0 = Release|Any CPU
	EndGlobalSection
	GlobalSection(SolutionProperties) = preSolution
		HideSolutionNode = FALSE
	EndGlobalSection
	GlobalSection(ExtensibilityGlobals) = postSolution
		SolutionGuid = {9E9168BF-2D26-482C-931F-5067579CFF4F}
	EndGlobalSection
EndGlobal
